
Microsoft Visual Studio Solution File, Format Version 12.00
# Visual Studio 14
VisualStudioVersion = 14.0.25123.0
MinimumVisualStudioVersion = 10.0.40219.1
Project("{D7F68D6F-9792-4311-ADEC-B5799FB42C39}") = "Sitecore.Support.197257", "Sitecore.Support.197257\Sitecore.Support.197257.csproj", "{533D8338-99DD-4FD7-A1CE-83EE16FEB1D6}"
EndProject
Global
	GlobalSection(SolutionConfigurationPlatforms) = preSolution
		Debug|Any CPU = Debug|Any CPU
		Release|Any CPU = Release|Any CPU
	EndGlobalSection
	GlobalSection(ProjectConfigurationPlatforms) = postSolution
		{533D8338-99DD-4FD7-A1CE-83EE16FEB1D6}.Debug|Any CPU.ActiveCfg = Debug|Any CPU
		{533D8338-99DD-4FD7-A1CE-83EE16FEB1D6}.Debug|Any CPU.Build.0 = Debug|Any CPU
		{533D8338-99DD-4FD7-A1CE-83EE16FEB1D6}.Release|Any CPU.ActiveCfg = Release|Any CPU
		{533D8338-99DD-4FD7-A1CE-83EE16FEB1D6}.Release|Any CPU.Build.0 = Release|Any CPU
	EndGlobalSection
	GlobalSection(SolutionProperties) = preSolution
		HideSolutionNode = FALSE
	EndGlobalSection
EndGlobal
